
Microsoft Visual Studio Solution File, Format Version 11.00
# Visual Studio 2010
Project("{FAE04EC0-301F-11D3-BF4B-00C04F79EFBC}") = "Claret", "Claret.csproj", "{6EB25ACC-D93C-4123-B8DF-091D1FCB61BC}"
EndProject
Project("{FAE04EC0-301F-11D3-BF4B-00C04F79EFBC}") = "Content", "Content\Content.contentproj", "{67916090-4AF1-4FB5-8B3E-A20F36F63EA4}"
EndProject
Global
	GlobalSection(SolutionConfigurationPlatforms) = preSolution
		Debug|Xbox 360 = Debug|Xbox 360
		Profile|Xbox 360 = Profile|Xbox 360
		Release|Xbox 360 = Release|Xbox 360
	EndGlobalSection
	GlobalSection(ProjectConfigurationPlatforms) = postSolution
		{6EB25ACC-D93C-4123-B8DF-091D1FCB61BC}.Debug|Xbox 360.ActiveCfg = Debug|Xbox 360
		{6EB25ACC-D93C-4123-B8DF-091D1FCB61BC}.Debug|Xbox 360.Build.0 = Debug|Xbox 360
		{6EB25ACC-D93C-4123-B8DF-091D1FCB61BC}.Debug|Xbox 360.Deploy.0 = Debug|Xbox 360
		{6EB25ACC-D93C-4123-B8DF-091D1FCB61BC}.Profile|Xbox 360.ActiveCfg = Profile|Xbox 360
		{6EB25ACC-D93C-4123-B8DF-091D1FCB61BC}.Profile|Xbox 360.Build.0 = Profile|Xbox 360
		{6EB25ACC-D93C-4123-B8DF-091D1FCB61BC}.Profile|Xbox 360.Deploy.0 = Profile|Xbox 360
		{6EB25ACC-D93C-4123-B8DF-091D1FCB61BC}.Release|Xbox 360.ActiveCfg = Release|Xbox 360
		{6EB25ACC-D93C-4123-B8DF-091D1FCB61BC}.Release|Xbox 360.Build.0 = Release|Xbox 360
		{6EB25ACC-D93C-4123-B8DF-091D1FCB61BC}.Release|Xbox 360.Deploy.0 = Release|Xbox 360
		{67916090-4AF1-4FB5-8B3E-A20F36F63EA4}.Debug|Xbox 360.ActiveCfg = Debug|Xbox 360
		{67916090-4AF1-4FB5-8B3E-A20F36F63EA4}.Profile|Xbox 360.ActiveCfg = Profile|Xbox 360
		{67916090-4AF1-4FB5-8B3E-A20F36F63EA4}.Release|Xbox 360.ActiveCfg = Release|Xbox 360
	EndGlobalSection
	GlobalSection(SolutionProperties) = preSolution
		HideSolutionNode = FALSE
	EndGlobalSection
EndGlobal
